
Microsoft Visual Studio Solution File, Format Version 12.00
# Visual Studio Version 16
VisualStudioVersion = 16.0.34114.132
MinimumVisualStudioVersion = 10.0.40219.1
Project("{FAE04EC0-301F-11D3-BF4B-00C04F79EFBC}") = "01.ActivationKeys", "01.ActivationKeys\01.ActivationKeys.csproj", "{AA29E44D-2255-4816-B4A1-7FF26385A676}"
EndProject
Project("{FAE04EC0-301F-11D3-BF4B-00C04F79EFBC}") = "02.EmojiDetector", "02.EmojiDetector\02.EmojiDetector.csproj", "{E7EF7B1F-9EF0-49AF-950E-7299C3A68ADD}"
EndProject
Project("{FAE04EC0-301F-11D3-BF4B-00C04F79EFBC}") = "03.HeroesOfCodeAndLogicVII", "03.HeroesOfCodeAndLogicVII\03.HeroesOfCodeAndLogicVII.csproj", "{BE3AB9D4-7A6F-46B8-8B92-54AF58D48183}"
EndProject
Global
	GlobalSection(SolutionConfigurationPlatforms) = preSolution
		Debug|Any CPU = Debug|Any CPU
		Release|Any CPU = Release|Any CPU
	EndGlobalSection
	GlobalSection(ProjectConfigurationPlatforms) = postSolution
		{AA29E44D-2255-4816-B4A1-7FF26385A676}.Debug|Any CPU.ActiveCfg = Debug|Any CPU
		{AA29E44D-2255-4816-B4A1-7FF26385A676}.Debug|Any CPU.Build.0 = Debug|Any CPU
		{AA29E44D-2255-4816-B4A1-7FF26385A676}.Release|Any CPU.ActiveCfg = Release|Any CPU
		{AA29E44D-2255-4816-B4A1-7FF26385A676}.Release|Any CPU.Build.0 = Release|Any CPU
		{E7EF7B1F-9EF0-49AF-950E-7299C3A68ADD}.Debug|Any CPU.ActiveCfg = Debug|Any CPU
		{E7EF7B1F-9EF0-49AF-950E-7299C3A68ADD}.Debug|Any CPU.Build.0 = Debug|Any CPU
		{E7EF7B1F-9EF0-49AF-950E-7299C3A68ADD}.Release|Any CPU.ActiveCfg = Release|Any CPU
		{E7EF7B1F-9EF0-49AF-950E-7299C3A68ADD}.Release|Any CPU.Build.0 = Release|Any CPU
		{BE3AB9D4-7A6F-46B8-8B92-54AF58D48183}.Debug|Any CPU.ActiveCfg = Debug|Any CPU
		{BE3AB9D4-7A6F-46B8-8B92-54AF58D48183}.Debug|Any CPU.Build.0 = Debug|Any CPU
		{BE3AB9D4-7A6F-46B8-8B92-54AF58D48183}.Release|Any CPU.ActiveCfg = Release|Any CPU
		{BE3AB9D4-7A6F-46B8-8B92-54AF58D48183}.Release|Any CPU.Build.0 = Release|Any CPU
	EndGlobalSection
	GlobalSection(SolutionProperties) = preSolution
		HideSolutionNode = FALSE
	EndGlobalSection
	GlobalSection(ExtensibilityGlobals) = postSolution
		SolutionGuid = {0F648D93-E883-4D5A-82F1-085D2BEB453C}
	EndGlobalSection
EndGlobal
